
Microsoft Visual Studio Solution File, Format Version 12.00
# Visual Studio Version 16
VisualStudioVersion = 16.0.32126.315
MinimumVisualStudioVersion = 10.0.40219.1
Project("{9A19103F-16F7-4668-BE54-9A1E7A4F7556}") = "NLayer.Core", "NLayer.Core\NLayer.Core.csproj", "{A021DCB0-7779-44D1-A9EF-20CBCF98C8DB}"
EndProject
Project("{9A19103F-16F7-4668-BE54-9A1E7A4F7556}") = "NLayer.Repository", "NLayer.Repository\NLayer.Repository.csproj", "{07D99C02-92BF-4633-9490-007C5F6ECDE8}"
EndProject
Project("{9A19103F-16F7-4668-BE54-9A1E7A4F7556}") = "NLayer.Service", "NLayer.Service\NLayer.Service.csproj", "{BE68DF1D-D2FE-4915-AC08-1DC3DE52FAC0}"
EndProject
Project("{FAE04EC0-301F-11D3-BF4B-00C04F79EFBC}") = "NLayer.API", "NLayer.API\NLayer.API.csproj", "{06D85105-E784-479E-937B-07E12A5534E6}"
EndProject
Project("{FAE04EC0-301F-11D3-BF4B-00C04F79EFBC}") = "NLayer.Caching", "NLayer.Caching\NLayer.Caching.csproj", "{4070CFA8-E634-4C8D-B457-30BED5D4D564}"
EndProject
Global
	GlobalSection(SolutionConfigurationPlatforms) = preSolution
		Debug|Any CPU = Debug|Any CPU
		Release|Any CPU = Release|Any CPU
	EndGlobalSection
	GlobalSection(ProjectConfigurationPlatforms) = postSolution
		{A021DCB0-7779-44D1-A9EF-20CBCF98C8DB}.Debug|Any CPU.ActiveCfg = Debug|Any CPU
		{A021DCB0-7779-44D1-A9EF-20CBCF98C8DB}.Debug|Any CPU.Build.0 = Debug|Any CPU
		{A021DCB0-7779-44D1-A9EF-20CBCF98C8DB}.Release|Any CPU.ActiveCfg = Release|Any CPU
		{A021DCB0-7779-44D1-A9EF-20CBCF98C8DB}.Release|Any CPU.Build.0 = Release|Any CPU
		{07D99C02-92BF-4633-9490-007C5F6ECDE8}.Debug|Any CPU.ActiveCfg = Debug|Any CPU
		{07D99C02-92BF-4633-9490-007C5F6ECDE8}.Debug|Any CPU.Build.0 = Debug|Any CPU
		{07D99C02-92BF-4633-9490-007C5F6ECDE8}.Release|Any CPU.ActiveCfg = Release|Any CPU
		{07D99C02-92BF-4633-9490-007C5F6ECDE8}.Release|Any CPU.Build.0 = Release|Any CPU
		{BE68DF1D-D2FE-4915-AC08-1DC3DE52FAC0}.Debug|Any CPU.ActiveCfg = Debug|Any CPU
		{BE68DF1D-D2FE-4915-AC08-1DC3DE52FAC0}.Debug|Any CPU.Build.0 = Debug|Any CPU
		{BE68DF1D-D2FE-4915-AC08-1DC3DE52FAC0}.Release|Any CPU.ActiveCfg = Release|Any CPU
		{BE68DF1D-D2FE-4915-AC08-1DC3DE52FAC0}.Release|Any CPU.Build.0 = Release|Any CPU
		{06D85105-E784-479E-937B-07E12A5534E6}.Debug|Any CPU.ActiveCfg = Debug|Any CPU
		{06D85105-E784-479E-937B-07E12A5534E6}.Debug|Any CPU.Build.0 = Debug|Any CPU
		{06D85105-E784-479E-937B-07E12A5534E6}.Release|Any CPU.ActiveCfg = Release|Any CPU
		{06D85105-E784-479E-937B-07E12A5534E6}.Release|Any CPU.Build.0 = Release|Any CPU
		{4070CFA8-E634-4C8D-B457-30BED5D4D564}.Debug|Any CPU.ActiveCfg = Debug|Any CPU
		{4070CFA8-E634-4C8D-B457-30BED5D4D564}.Debug|Any CPU.Build.0 = Debug|Any CPU
		{4070CFA8-E634-4C8D-B457-30BED5D4D564}.Release|Any CPU.ActiveCfg = Release|Any CPU
		{4070CFA8-E634-4C8D-B457-30BED5D4D564}.Release|Any CPU.Build.0 = Release|Any CPU
	EndGlobalSection
	GlobalSection(SolutionProperties) = preSolution
		HideSolutionNode = FALSE
	EndGlobalSection
	GlobalSection(ExtensibilityGlobals) = postSolution
		SolutionGuid = {E29B3C6A-BF39-41E8-BD9E-CCADF5EECE8B}
	EndGlobalSection
EndGlobal
